
Microsoft Visual Studio Solution File, Format Version 12.00
# Visual Studio Version 16
VisualStudioVersion = 16.0.29613.14
MinimumVisualStudioVersion = 10.0.40219.1
Project("{FAE04EC0-301F-11D3-BF4B-00C04F79EFBC}") = "Konditerka", "Konditerka.csproj", "{1314B581-AF59-49EF-BCB0-DE573CBD7FE3}"
EndProject
Project("{FAE04EC0-301F-11D3-BF4B-00C04F79EFBC}") = "Test1", "..\Test1\Test1.csproj", "{EAE11E11-7EED-478E-8CFC-8BDCB73ADB41}"
	ProjectSection(ProjectDependencies) = postProject
		{1314B581-AF59-49EF-BCB0-DE573CBD7FE3} = {1314B581-AF59-49EF-BCB0-DE573CBD7FE3}
	EndProjectSection
EndProject
Global
	GlobalSection(SolutionConfigurationPlatforms) = preSolution
		Debug|Any CPU = Debug|Any CPU
		Release|Any CPU = Release|Any CPU
	EndGlobalSection
	GlobalSection(ProjectConfigurationPlatforms) = postSolution
		{1314B581-AF59-49EF-BCB0-DE573CBD7FE3}.Debug|Any CPU.ActiveCfg = Debug|Any CPU
		{1314B581-AF59-49EF-BCB0-DE573CBD7FE3}.Debug|Any CPU.Build.0 = Debug|Any CPU
		{1314B581-AF59-49EF-BCB0-DE573CBD7FE3}.Release|Any CPU.ActiveCfg = Release|Any CPU
		{1314B581-AF59-49EF-BCB0-DE573CBD7FE3}.Release|Any CPU.Build.0 = Release|Any CPU
		{EAE11E11-7EED-478E-8CFC-8BDCB73ADB41}.Debug|Any CPU.ActiveCfg = Debug|Any CPU
		{EAE11E11-7EED-478E-8CFC-8BDCB73ADB41}.Debug|Any CPU.Build.0 = Debug|Any CPU
		{EAE11E11-7EED-478E-8CFC-8BDCB73ADB41}.Release|Any CPU.ActiveCfg = Release|Any CPU
		{EAE11E11-7EED-478E-8CFC-8BDCB73ADB41}.Release|Any CPU.Build.0 = Release|Any CPU
	EndGlobalSection
	GlobalSection(SolutionProperties) = preSolution
		HideSolutionNode = FALSE
	EndGlobalSection
	GlobalSection(ExtensibilityGlobals) = postSolution
		SolutionGuid = {00D015E7-27D3-4923-9D3F-88471237F87C}
	EndGlobalSection
EndGlobal
